
Microsoft Visual Studio Solution File, Format Version 12.00
# Visual Studio 2017
Project("{FAE04EC0-301F-11D3-BF4B-00C04F79EFBC}") = "TestTanks3DCurVersion", "TestTanks3DCurVersion.csproj", "{13A94E16-4C30-409C-46FE-46FD9F279863}"
EndProject
Project("{FAE04EC0-301F-11D3-BF4B-00C04F79EFBC}") = "TestTanks3DCurVersion.Editor", "TestTanks3DCurVersion.Editor.csproj", "{743F76E8-A101-710E-9C53-4FD7D5CE0F69}"
EndProject
Global
	GlobalSection(SolutionConfigurationPlatforms) = preSolution
		Debug|Any CPU = Debug|Any CPU
		Release|Any CPU = Release|Any CPU
	EndGlobalSection
	GlobalSection(ProjectConfigurationPlatforms) = postSolution
		{13A94E16-4C30-409C-46FE-46FD9F279863}.Debug|Any CPU.ActiveCfg = Debug|Any CPU
		{13A94E16-4C30-409C-46FE-46FD9F279863}.Debug|Any CPU.Build.0 = Debug|Any CPU
		{13A94E16-4C30-409C-46FE-46FD9F279863}.Release|Any CPU.ActiveCfg = Release|Any CPU
		{13A94E16-4C30-409C-46FE-46FD9F279863}.Release|Any CPU.Build.0 = Release|Any CPU
		{743F76E8-A101-710E-9C53-4FD7D5CE0F69}.Debug|Any CPU.ActiveCfg = Debug|Any CPU
		{743F76E8-A101-710E-9C53-4FD7D5CE0F69}.Debug|Any CPU.Build.0 = Debug|Any CPU
		{743F76E8-A101-710E-9C53-4FD7D5CE0F69}.Release|Any CPU.ActiveCfg = Release|Any CPU
		{743F76E8-A101-710E-9C53-4FD7D5CE0F69}.Release|Any CPU.Build.0 = Release|Any CPU
	EndGlobalSection
	GlobalSection(SolutionProperties) = preSolution
		HideSolutionNode = FALSE
	EndGlobalSection
EndGlobal
